
Microsoft Visual Studio Solution File, Format Version 12.00
# Visual Studio Version 17
VisualStudioVersion = 17.12.35707.178
MinimumVisualStudioVersion = 10.0.40219.1
Project("{2150E333-8FDC-42A3-9474-1A3956D46DE8}") = "Services", "Services", "{F9CA8703-1DE0-44E3-84E8-C2C35B1AC5EC}"
EndProject
Project("{2150E333-8FDC-42A3-9474-1A3956D46DE8}") = "Gateway", "Gateway", "{26FB9B64-4BDE-4449-9709-AF178B18A3B1}"
EndProject
Project("{2150E333-8FDC-42A3-9474-1A3956D46DE8}") = "Web", "Web", "{CE7A6379-8DDA-4E13-9D41-055EF569FE69}"
EndProject
Project("{FAE04EC0-301F-11D3-BF4B-00C04F79EFBC}") = "QueuingSystem.QueuingService", "QueuingSystem.QueuingService\QueuingSystem.QueuingService.csproj", "{49E7DCE7-F78C-486B-AF31-8FA882C57ABF}"
EndProject
Project("{FAE04EC0-301F-11D3-BF4B-00C04F79EFBC}") = "QueuingSystem.ApiGateway", "QueuingSystem.ApiGateway\QueuingSystem.ApiGateway.csproj", "{333A6ADA-3CFF-463E-841C-A1351C3A29A6}"
EndProject
Global
	GlobalSection(SolutionConfigurationPlatforms) = preSolution
		Debug|Any CPU = Debug|Any CPU
		Release|Any CPU = Release|Any CPU
	EndGlobalSection
	GlobalSection(ProjectConfigurationPlatforms) = postSolution
		{49E7DCE7-F78C-486B-AF31-8FA882C57ABF}.Debug|Any CPU.ActiveCfg = Debug|Any CPU
		{49E7DCE7-F78C-486B-AF31-8FA882C57ABF}.Debug|Any CPU.Build.0 = Debug|Any CPU
		{49E7DCE7-F78C-486B-AF31-8FA882C57ABF}.Release|Any CPU.ActiveCfg = Release|Any CPU
		{49E7DCE7-F78C-486B-AF31-8FA882C57ABF}.Release|Any CPU.Build.0 = Release|Any CPU
		{333A6ADA-3CFF-463E-841C-A1351C3A29A6}.Debug|Any CPU.ActiveCfg = Debug|Any CPU
		{333A6ADA-3CFF-463E-841C-A1351C3A29A6}.Debug|Any CPU.Build.0 = Debug|Any CPU
		{333A6ADA-3CFF-463E-841C-A1351C3A29A6}.Release|Any CPU.ActiveCfg = Release|Any CPU
		{333A6ADA-3CFF-463E-841C-A1351C3A29A6}.Release|Any CPU.Build.0 = Release|Any CPU
	EndGlobalSection
	GlobalSection(SolutionProperties) = preSolution
		HideSolutionNode = FALSE
	EndGlobalSection
	GlobalSection(NestedProjects) = preSolution
		{49E7DCE7-F78C-486B-AF31-8FA882C57ABF} = {F9CA8703-1DE0-44E3-84E8-C2C35B1AC5EC}
		{333A6ADA-3CFF-463E-841C-A1351C3A29A6} = {26FB9B64-4BDE-4449-9709-AF178B18A3B1}
	EndGlobalSection
EndGlobal
