
Microsoft Visual Studio Solution File, Format Version 12.00
# Visual Studio Version 17
VisualStudioVersion = 17.12.35707.178
MinimumVisualStudioVersion = 10.0.40219.1
Project("{2150E333-8FDC-42A3-9474-1A3956D46DE8}") = "Services", "Services", "{F9CA8703-1DE0-44E3-84E8-C2C35B1AC5EC}"
EndProject
Project("{2150E333-8FDC-42A3-9474-1A3956D46DE8}") = "Gateway", "Gateway", "{26FB9B64-4BDE-4449-9709-AF178B18A3B1}"
EndProject
Project("{2150E333-8FDC-42A3-9474-1A3956D46DE8}") = "WebUI", "WebUI", "{CE7A6379-8DDA-4E13-9D41-055EF569FE69}"
EndProject
Project("{2150E333-8FDC-42A3-9474-1A3956D46DE8}") = "Queuing", "Queuing", "{CCDB257C-B470-4683-BC35-5CD3EA8A7A49}"
EndProject
Project("{2150E333-8FDC-42A3-9474-1A3956D46DE8}") = "WebForms", "WebForms", "{B74076D8-7CB3-4CE1-ACE6-A2EC189D2F88}"
EndProject
Project("{FAE04EC0-301F-11D3-BF4B-00C04F79EFBC}") = "QueuingSystem.Services.Queuing.Presentation", "Services\Queuing\QueuingSystem.Services.Queuing.Presentation.csproj", "{DF3766BD-064A-45A8-80A6-08D745E16823}"
EndProject
Project("{FAE04EC0-301F-11D3-BF4B-00C04F79EFBC}") = "QueuingSystem.ApiGateway.Endpoint", "ApiGateway\QueuingSystem.ApiGateway\QueuingSystem.ApiGateway.Endpoint.csproj", "{6C49A9E4-136A-439C-B158-44966784677C}"
EndProject
Project("{FAE04EC0-301F-11D3-BF4B-00C04F79EFBC}") = "QueuingSystem.WebUI.WebForms.Presentation", "WebUI\WebForms\QueuingSystem.WebUI.WebForms.Presentation\QueuingSystem.WebUI.WebForms.Presentation.csproj", "{0549D645-EE1F-4548-8D2C-54197624AD12}"
EndProject
Project("{FAE04EC0-301F-11D3-BF4B-00C04F79EFBC}") = "QueuingSystem.WebUI.WebForms.Infrastructure.ApiServices", "WebUI\WebForms\QueuingSystem.WebUI.WebForms.Infrastructure.ApiServices\QueuingSystem.WebUI.WebForms.Infrastructure.ApiServices.csproj", "{68A5B2DE-07FF-4EC9-A3CF-FE33149CCF5F}"
EndProject
Project("{FAE04EC0-301F-11D3-BF4B-00C04F79EFBC}") = "QueuingSystem.WebUI.WebForms.Core.Abstraction.ApiServices", "WebUI\WebForms\QueuingSystem.WebUI.WebForms.Core.Abstraction.ApiServices\QueuingSystem.WebUI.WebForms.Core.Abstraction.ApiServices.csproj", "{1197263D-7822-4535-9166-787A16278D73}"
EndProject
Project("{FAE04EC0-301F-11D3-BF4B-00C04F79EFBC}") = "QueuingSystem.WebUI.WebForms.Core.Dto", "WebUI\WebForms\QueuingSystem.WebUI.WebForms.Core.Dto\QueuingSystem.WebUI.WebForms.Core.Dto.csproj", "{9DDBB4F3-630E-4197-9C8B-0120F72EFBBB}"
EndProject
Project("{FAE04EC0-301F-11D3-BF4B-00C04F79EFBC}") = "QueuingSystem.Services.Queuing.Infrastructure", "QueuingSystem.Services.Queuing.Infrastructure\QueuingSystem.Services.Queuing.Infrastructure.csproj", "{983E3F22-825E-4C1E-8B36-2D04350D1C06}"
EndProject
Project("{FAE04EC0-301F-11D3-BF4B-00C04F79EFBC}") = "QueuingSystem.Services.Queuing.Core", "QueuingSystem.Services.Queuing.Core\QueuingSystem.Services.Queuing.Core.csproj", "{F3A18100-0F00-4F6D-A3C7-5DA426036591}"
EndProject
Project("{2150E333-8FDC-42A3-9474-1A3956D46DE8}") = "Notification", "Notification", "{E38ACCDD-9D1A-4255-8FF1-CE07FDC210D3}"
EndProject
Project("{FAE04EC0-301F-11D3-BF4B-00C04F79EFBC}") = "Services.Notification.Presentation", "Services.Notification.Presentation\Services.Notification.Presentation.csproj", "{9BFF45A5-78C8-4A8B-BD8D-A6591D35DE5C}"
EndProject
Project("{FAE04EC0-301F-11D3-BF4B-00C04F79EFBC}") = "Hub", "Hub\Hub.csproj", "{2D35EBEB-0BE5-4F85-9E59-4B8B8B62B5B1}"
EndProject
Global
	GlobalSection(SolutionConfigurationPlatforms) = preSolution
		Debug|Any CPU = Debug|Any CPU
		Release|Any CPU = Release|Any CPU
	EndGlobalSection
	GlobalSection(ProjectConfigurationPlatforms) = postSolution
		{DF3766BD-064A-45A8-80A6-08D745E16823}.Debug|Any CPU.ActiveCfg = Debug|Any CPU
		{DF3766BD-064A-45A8-80A6-08D745E16823}.Debug|Any CPU.Build.0 = Debug|Any CPU
		{DF3766BD-064A-45A8-80A6-08D745E16823}.Release|Any CPU.ActiveCfg = Release|Any CPU
		{DF3766BD-064A-45A8-80A6-08D745E16823}.Release|Any CPU.Build.0 = Release|Any CPU
		{6C49A9E4-136A-439C-B158-44966784677C}.Debug|Any CPU.ActiveCfg = Debug|Any CPU
		{6C49A9E4-136A-439C-B158-44966784677C}.Debug|Any CPU.Build.0 = Debug|Any CPU
		{6C49A9E4-136A-439C-B158-44966784677C}.Release|Any CPU.ActiveCfg = Release|Any CPU
		{6C49A9E4-136A-439C-B158-44966784677C}.Release|Any CPU.Build.0 = Release|Any CPU
		{0549D645-EE1F-4548-8D2C-54197624AD12}.Debug|Any CPU.ActiveCfg = Debug|Any CPU
		{0549D645-EE1F-4548-8D2C-54197624AD12}.Debug|Any CPU.Build.0 = Debug|Any CPU
		{0549D645-EE1F-4548-8D2C-54197624AD12}.Release|Any CPU.ActiveCfg = Release|Any CPU
		{0549D645-EE1F-4548-8D2C-54197624AD12}.Release|Any CPU.Build.0 = Release|Any CPU
		{68A5B2DE-07FF-4EC9-A3CF-FE33149CCF5F}.Debug|Any CPU.ActiveCfg = Debug|Any CPU
		{68A5B2DE-07FF-4EC9-A3CF-FE33149CCF5F}.Debug|Any CPU.Build.0 = Debug|Any CPU
		{68A5B2DE-07FF-4EC9-A3CF-FE33149CCF5F}.Release|Any CPU.ActiveCfg = Release|Any CPU
		{68A5B2DE-07FF-4EC9-A3CF-FE33149CCF5F}.Release|Any CPU.Build.0 = Release|Any CPU
		{1197263D-7822-4535-9166-787A16278D73}.Debug|Any CPU.ActiveCfg = Debug|Any CPU
		{1197263D-7822-4535-9166-787A16278D73}.Debug|Any CPU.Build.0 = Debug|Any CPU
		{1197263D-7822-4535-9166-787A16278D73}.Release|Any CPU.ActiveCfg = Release|Any CPU
		{1197263D-7822-4535-9166-787A16278D73}.Release|Any CPU.Build.0 = Release|Any CPU
		{9DDBB4F3-630E-4197-9C8B-0120F72EFBBB}.Debug|Any CPU.ActiveCfg = Debug|Any CPU
		{9DDBB4F3-630E-4197-9C8B-0120F72EFBBB}.Debug|Any CPU.Build.0 = Debug|Any CPU
		{9DDBB4F3-630E-4197-9C8B-0120F72EFBBB}.Release|Any CPU.ActiveCfg = Release|Any CPU
		{9DDBB4F3-630E-4197-9C8B-0120F72EFBBB}.Release|Any CPU.Build.0 = Release|Any CPU
		{983E3F22-825E-4C1E-8B36-2D04350D1C06}.Debug|Any CPU.ActiveCfg = Debug|Any CPU
		{983E3F22-825E-4C1E-8B36-2D04350D1C06}.Debug|Any CPU.Build.0 = Debug|Any CPU
		{983E3F22-825E-4C1E-8B36-2D04350D1C06}.Release|Any CPU.ActiveCfg = Release|Any CPU
		{983E3F22-825E-4C1E-8B36-2D04350D1C06}.Release|Any CPU.Build.0 = Release|Any CPU
		{F3A18100-0F00-4F6D-A3C7-5DA426036591}.Debug|Any CPU.ActiveCfg = Debug|Any CPU
		{F3A18100-0F00-4F6D-A3C7-5DA426036591}.Debug|Any CPU.Build.0 = Debug|Any CPU
		{F3A18100-0F00-4F6D-A3C7-5DA426036591}.Release|Any CPU.ActiveCfg = Release|Any CPU
		{F3A18100-0F00-4F6D-A3C7-5DA426036591}.Release|Any CPU.Build.0 = Release|Any CPU
		{9BFF45A5-78C8-4A8B-BD8D-A6591D35DE5C}.Debug|Any CPU.ActiveCfg = Debug|Any CPU
		{9BFF45A5-78C8-4A8B-BD8D-A6591D35DE5C}.Debug|Any CPU.Build.0 = Debug|Any CPU
		{9BFF45A5-78C8-4A8B-BD8D-A6591D35DE5C}.Release|Any CPU.ActiveCfg = Release|Any CPU
		{9BFF45A5-78C8-4A8B-BD8D-A6591D35DE5C}.Release|Any CPU.Build.0 = Release|Any CPU
		{2D35EBEB-0BE5-4F85-9E59-4B8B8B62B5B1}.Debug|Any CPU.ActiveCfg = Debug|Any CPU
		{2D35EBEB-0BE5-4F85-9E59-4B8B8B62B5B1}.Debug|Any CPU.Build.0 = Debug|Any CPU
		{2D35EBEB-0BE5-4F85-9E59-4B8B8B62B5B1}.Release|Any CPU.ActiveCfg = Release|Any CPU
		{2D35EBEB-0BE5-4F85-9E59-4B8B8B62B5B1}.Release|Any CPU.Build.0 = Release|Any CPU
	EndGlobalSection
	GlobalSection(SolutionProperties) = preSolution
		HideSolutionNode = FALSE
	EndGlobalSection
	GlobalSection(NestedProjects) = preSolution
		{CCDB257C-B470-4683-BC35-5CD3EA8A7A49} = {F9CA8703-1DE0-44E3-84E8-C2C35B1AC5EC}
		{B74076D8-7CB3-4CE1-ACE6-A2EC189D2F88} = {CE7A6379-8DDA-4E13-9D41-055EF569FE69}
		{DF3766BD-064A-45A8-80A6-08D745E16823} = {CCDB257C-B470-4683-BC35-5CD3EA8A7A49}
		{6C49A9E4-136A-439C-B158-44966784677C} = {26FB9B64-4BDE-4449-9709-AF178B18A3B1}
		{0549D645-EE1F-4548-8D2C-54197624AD12} = {B74076D8-7CB3-4CE1-ACE6-A2EC189D2F88}
		{68A5B2DE-07FF-4EC9-A3CF-FE33149CCF5F} = {B74076D8-7CB3-4CE1-ACE6-A2EC189D2F88}
		{1197263D-7822-4535-9166-787A16278D73} = {B74076D8-7CB3-4CE1-ACE6-A2EC189D2F88}
		{9DDBB4F3-630E-4197-9C8B-0120F72EFBBB} = {B74076D8-7CB3-4CE1-ACE6-A2EC189D2F88}
		{983E3F22-825E-4C1E-8B36-2D04350D1C06} = {CCDB257C-B470-4683-BC35-5CD3EA8A7A49}
		{F3A18100-0F00-4F6D-A3C7-5DA426036591} = {CCDB257C-B470-4683-BC35-5CD3EA8A7A49}
		{E38ACCDD-9D1A-4255-8FF1-CE07FDC210D3} = {F9CA8703-1DE0-44E3-84E8-C2C35B1AC5EC}
		{9BFF45A5-78C8-4A8B-BD8D-A6591D35DE5C} = {E38ACCDD-9D1A-4255-8FF1-CE07FDC210D3}
		{2D35EBEB-0BE5-4F85-9E59-4B8B8B62B5B1} = {E38ACCDD-9D1A-4255-8FF1-CE07FDC210D3}
	EndGlobalSection
EndGlobal
